
Microsoft Visual Studio Solution File, Format Version 12.00
# Visual Studio 14
VisualStudioVersion = 14.0.25123.0
MinimumVisualStudioVersion = 10.0.40219.1
Project("{FAE04EC0-301F-11D3-BF4B-00C04F79EFBC}") = "OrmComparison", "OrmComparison\OrmComparison.csproj", "{62FF24D5-CFA8-448D-8A1B-A002B2E8C3D6}"
EndProject
Project("{2150E333-8FDC-42A3-9474-1A3956D46DE8}") = "Solution Items", "Solution Items", "{812343D9-A4CA-444E-BEAE-5FD4F4465D46}"
	ProjectSection(SolutionItems) = preProject
		..\Database Setup\Create DB objects.sql = ..\Database Setup\Create DB objects.sql
		..\Readme.md = ..\Readme.md
	EndProjectSection
EndProject
Project("{2150E333-8FDC-42A3-9474-1A3956D46DE8}") = "art", "art", "{E777AE7F-4945-4C00-8847-BD614F3E0595}"
	ProjectSection(SolutionItems) = preProject
		..\art\OrmComparison.png = ..\art\OrmComparison.png
	EndProjectSection
EndProject
Global
	GlobalSection(SolutionConfigurationPlatforms) = preSolution
		Debug|Any CPU = Debug|Any CPU
		Release|Any CPU = Release|Any CPU
	EndGlobalSection
	GlobalSection(ProjectConfigurationPlatforms) = postSolution
		{62FF24D5-CFA8-448D-8A1B-A002B2E8C3D6}.Debug|Any CPU.ActiveCfg = Debug|Any CPU
		{62FF24D5-CFA8-448D-8A1B-A002B2E8C3D6}.Debug|Any CPU.Build.0 = Debug|Any CPU
		{62FF24D5-CFA8-448D-8A1B-A002B2E8C3D6}.Release|Any CPU.ActiveCfg = Release|Any CPU
		{62FF24D5-CFA8-448D-8A1B-A002B2E8C3D6}.Release|Any CPU.Build.0 = Release|Any CPU
	EndGlobalSection
	GlobalSection(SolutionProperties) = preSolution
		HideSolutionNode = FALSE
	EndGlobalSection
	GlobalSection(NestedProjects) = preSolution
		{E777AE7F-4945-4C00-8847-BD614F3E0595} = {812343D9-A4CA-444E-BEAE-5FD4F4465D46}
	EndGlobalSection
EndGlobal
